
Microsoft Visual Studio Solution File, Format Version 12.00
# Visual Studio Version 16
VisualStudioVersion = 16.0.29920.165
MinimumVisualStudioVersion = 10.0.40219.1
Project("{9A19103F-16F7-4668-BE54-9A1E7A4F7556}") = "VeracodeService", "VeracodeService\VeracodeService.csproj", "{3A11756D-EE1D-4974-B481-345CB4FCC61A}"
EndProject
Global
	GlobalSection(SolutionConfigurationPlatforms) = preSolution
		Debug|Any CPU = Debug|Any CPU
		Release|Any CPU = Release|Any CPU
	EndGlobalSection
	GlobalSection(ProjectConfigurationPlatforms) = postSolution
		{3A11756D-EE1D-4974-B481-345CB4FCC61A}.Debug|Any CPU.ActiveCfg = Debug|Any CPU
		{3A11756D-EE1D-4974-B481-345CB4FCC61A}.Debug|Any CPU.Build.0 = Debug|Any CPU
		{3A11756D-EE1D-4974-B481-345CB4FCC61A}.Release|Any CPU.ActiveCfg = Release|Any CPU
		{3A11756D-EE1D-4974-B481-345CB4FCC61A}.Release|Any CPU.Build.0 = Release|Any CPU
	EndGlobalSection
	GlobalSection(SolutionProperties) = preSolution
		HideSolutionNode = FALSE
	EndGlobalSection
	GlobalSection(ExtensibilityGlobals) = postSolution
		SolutionGuid = {E885BCB9-7B21-46CA-B43D-462298F7E224}
	EndGlobalSection
EndGlobal
